
Microsoft Visual Studio Solution File, Format Version 12.00
# Visual Studio Version 17
VisualStudioVersion = 17.9.34728.123
MinimumVisualStudioVersion = 10.0.40219.1
Project("{9A19103F-16F7-4668-BE54-9A1E7A4F7556}") = "DevFreela.API", "DevFreela.API\DevFreela.API.csproj", "{CDCD6664-B9D1-4008-A8CF-E0FC7A18FEAB}"
EndProject
Project("{FAE04EC0-301F-11D3-BF4B-00C04F79EFBC}") = "DevFreela.Application", "DevFreela.Application\DevFreela.Application.csproj", "{07D091B5-7CB3-47CC-8491-11942D762B5B}"
EndProject
Project("{FAE04EC0-301F-11D3-BF4B-00C04F79EFBC}") = "DevFreela.Infrastructure", "DevFreela.Infrastructure\DevFreela.Infrastructure.csproj", "{91F5237B-6532-4FFA-AFB7-FDC78F869B4F}"
EndProject
Project("{FAE04EC0-301F-11D3-BF4B-00C04F79EFBC}") = "DevFreela.Core", "DevFreela.Core\DevFreela.Core.csproj", "{BBB03865-A145-473B-939B-7C2FA4328EE6}"
EndProject
Global
	GlobalSection(SolutionConfigurationPlatforms) = preSolution
		Debug|Any CPU = Debug|Any CPU
		Release|Any CPU = Release|Any CPU
	EndGlobalSection
	GlobalSection(ProjectConfigurationPlatforms) = postSolution
		{CDCD6664-B9D1-4008-A8CF-E0FC7A18FEAB}.Debug|Any CPU.ActiveCfg = Debug|Any CPU
		{CDCD6664-B9D1-4008-A8CF-E0FC7A18FEAB}.Debug|Any CPU.Build.0 = Debug|Any CPU
		{CDCD6664-B9D1-4008-A8CF-E0FC7A18FEAB}.Release|Any CPU.ActiveCfg = Release|Any CPU
		{CDCD6664-B9D1-4008-A8CF-E0FC7A18FEAB}.Release|Any CPU.Build.0 = Release|Any CPU
		{07D091B5-7CB3-47CC-8491-11942D762B5B}.Debug|Any CPU.ActiveCfg = Debug|Any CPU
		{07D091B5-7CB3-47CC-8491-11942D762B5B}.Debug|Any CPU.Build.0 = Debug|Any CPU
		{07D091B5-7CB3-47CC-8491-11942D762B5B}.Release|Any CPU.ActiveCfg = Release|Any CPU
		{07D091B5-7CB3-47CC-8491-11942D762B5B}.Release|Any CPU.Build.0 = Release|Any CPU
		{91F5237B-6532-4FFA-AFB7-FDC78F869B4F}.Debug|Any CPU.ActiveCfg = Debug|Any CPU
		{91F5237B-6532-4FFA-AFB7-FDC78F869B4F}.Debug|Any CPU.Build.0 = Debug|Any CPU
		{91F5237B-6532-4FFA-AFB7-FDC78F869B4F}.Release|Any CPU.ActiveCfg = Release|Any CPU
		{91F5237B-6532-4FFA-AFB7-FDC78F869B4F}.Release|Any CPU.Build.0 = Release|Any CPU
		{BBB03865-A145-473B-939B-7C2FA4328EE6}.Debug|Any CPU.ActiveCfg = Debug|Any CPU
		{BBB03865-A145-473B-939B-7C2FA4328EE6}.Debug|Any CPU.Build.0 = Debug|Any CPU
		{BBB03865-A145-473B-939B-7C2FA4328EE6}.Release|Any CPU.ActiveCfg = Release|Any CPU
		{BBB03865-A145-473B-939B-7C2FA4328EE6}.Release|Any CPU.Build.0 = Release|Any CPU
	EndGlobalSection
	GlobalSection(SolutionProperties) = preSolution
		HideSolutionNode = FALSE
	EndGlobalSection
	GlobalSection(ExtensibilityGlobals) = postSolution
		SolutionGuid = {72D82CF5-21BA-4D6B-8116-50C0BF48A41F}
	EndGlobalSection
EndGlobal
